
Microsoft Visual Studio Solution File, Format Version 12.00
# Visual Studio Version 16
VisualStudioVersion = 16.0.29215.179
MinimumVisualStudioVersion = 10.0.40219.1
Project("{FAE04EC0-301F-11D3-BF4B-00C04F79EFBC}") = "CustomAlerts.Android", "CustomAlerts\CustomAlerts.Android\CustomAlerts.Android.csproj", "{014E25F9-991A-4152-AFC1-28E0D80A2D33}"
EndProject
Project("{FAE04EC0-301F-11D3-BF4B-00C04F79EFBC}") = "CustomAlerts.iOS", "CustomAlerts\CustomAlerts.iOS\CustomAlerts.iOS.csproj", "{2AC12BAD-89ED-468E-BA54-78EA134672D6}"
EndProject
Project("{FAE04EC0-301F-11D3-BF4B-00C04F79EFBC}") = "CustomAlerts", "CustomAlerts\CustomAlerts\CustomAlerts.csproj", "{03687BDE-C12F-4CD8-9A57-83D1467BA46E}"
EndProject
Global
	GlobalSection(SolutionConfigurationPlatforms) = preSolution
		Debug|Any CPU = Debug|Any CPU
		Debug|iPhone = Debug|iPhone
		Debug|iPhoneSimulator = Debug|iPhoneSimulator
		Release|Any CPU = Release|Any CPU
		Release|iPhone = Release|iPhone
		Release|iPhoneSimulator = Release|iPhoneSimulator
	EndGlobalSection
	GlobalSection(ProjectConfigurationPlatforms) = postSolution
		{014E25F9-991A-4152-AFC1-28E0D80A2D33}.Debug|Any CPU.ActiveCfg = Debug|Any CPU
		{014E25F9-991A-4152-AFC1-28E0D80A2D33}.Debug|Any CPU.Build.0 = Debug|Any CPU
		{014E25F9-991A-4152-AFC1-28E0D80A2D33}.Debug|Any CPU.Deploy.0 = Debug|Any CPU
		{014E25F9-991A-4152-AFC1-28E0D80A2D33}.Debug|iPhone.ActiveCfg = Debug|Any CPU
		{014E25F9-991A-4152-AFC1-28E0D80A2D33}.Debug|iPhone.Build.0 = Debug|Any CPU
		{014E25F9-991A-4152-AFC1-28E0D80A2D33}.Debug|iPhone.Deploy.0 = Debug|Any CPU
		{014E25F9-991A-4152-AFC1-28E0D80A2D33}.Debug|iPhoneSimulator.ActiveCfg = Debug|Any CPU
		{014E25F9-991A-4152-AFC1-28E0D80A2D33}.Debug|iPhoneSimulator.Build.0 = Debug|Any CPU
		{014E25F9-991A-4152-AFC1-28E0D80A2D33}.Debug|iPhoneSimulator.Deploy.0 = Debug|Any CPU
		{014E25F9-991A-4152-AFC1-28E0D80A2D33}.Release|Any CPU.ActiveCfg = Release|Any CPU
		{014E25F9-991A-4152-AFC1-28E0D80A2D33}.Release|Any CPU.Build.0 = Release|Any CPU
		{014E25F9-991A-4152-AFC1-28E0D80A2D33}.Release|Any CPU.Deploy.0 = Release|Any CPU
		{014E25F9-991A-4152-AFC1-28E0D80A2D33}.Release|iPhone.ActiveCfg = Release|Any CPU
		{014E25F9-991A-4152-AFC1-28E0D80A2D33}.Release|iPhone.Build.0 = Release|Any CPU
		{014E25F9-991A-4152-AFC1-28E0D80A2D33}.Release|iPhone.Deploy.0 = Release|Any CPU
		{014E25F9-991A-4152-AFC1-28E0D80A2D33}.Release|iPhoneSimulator.ActiveCfg = Release|Any CPU
		{014E25F9-991A-4152-AFC1-28E0D80A2D33}.Release|iPhoneSimulator.Build.0 = Release|Any CPU
		{014E25F9-991A-4152-AFC1-28E0D80A2D33}.Release|iPhoneSimulator.Deploy.0 = Release|Any CPU
		{2AC12BAD-89ED-468E-BA54-78EA134672D6}.Debug|Any CPU.ActiveCfg = Debug|iPhoneSimulator
		{2AC12BAD-89ED-468E-BA54-78EA134672D6}.Debug|Any CPU.Build.0 = Debug|iPhoneSimulator
		{2AC12BAD-89ED-468E-BA54-78EA134672D6}.Debug|Any CPU.Deploy.0 = Debug|iPhoneSimulator
		{2AC12BAD-89ED-468E-BA54-78EA134672D6}.Debug|iPhone.ActiveCfg = Debug|iPhone
		{2AC12BAD-89ED-468E-BA54-78EA134672D6}.Debug|iPhone.Build.0 = Debug|iPhone
		{2AC12BAD-89ED-468E-BA54-78EA134672D6}.Debug|iPhone.Deploy.0 = Debug|iPhone
		{2AC12BAD-89ED-468E-BA54-78EA134672D6}.Debug|iPhoneSimulator.ActiveCfg = Debug|iPhoneSimulator
		{2AC12BAD-89ED-468E-BA54-78EA134672D6}.Debug|iPhoneSimulator.Build.0 = Debug|iPhoneSimulator
		{2AC12BAD-89ED-468E-BA54-78EA134672D6}.Debug|iPhoneSimulator.Deploy.0 = Debug|iPhoneSimulator
		{2AC12BAD-89ED-468E-BA54-78EA134672D6}.Release|Any CPU.ActiveCfg = Release|iPhone
		{2AC12BAD-89ED-468E-BA54-78EA134672D6}.Release|Any CPU.Build.0 = Release|iPhone
		{2AC12BAD-89ED-468E-BA54-78EA134672D6}.Release|Any CPU.Deploy.0 = Release|iPhone
		{2AC12BAD-89ED-468E-BA54-78EA134672D6}.Release|iPhone.ActiveCfg = Release|iPhone
		{2AC12BAD-89ED-468E-BA54-78EA134672D6}.Release|iPhone.Build.0 = Release|iPhone
		{2AC12BAD-89ED-468E-BA54-78EA134672D6}.Release|iPhone.Deploy.0 = Release|iPhone
		{2AC12BAD-89ED-468E-BA54-78EA134672D6}.Release|iPhoneSimulator.ActiveCfg = Release|iPhoneSimulator
		{2AC12BAD-89ED-468E-BA54-78EA134672D6}.Release|iPhoneSimulator.Build.0 = Release|iPhoneSimulator
		{2AC12BAD-89ED-468E-BA54-78EA134672D6}.Release|iPhoneSimulator.Deploy.0 = Release|iPhoneSimulator
		{03687BDE-C12F-4CD8-9A57-83D1467BA46E}.Debug|Any CPU.ActiveCfg = Debug|Any CPU
		{03687BDE-C12F-4CD8-9A57-83D1467BA46E}.Debug|Any CPU.Build.0 = Debug|Any CPU
		{03687BDE-C12F-4CD8-9A57-83D1467BA46E}.Debug|Any CPU.Deploy.0 = Debug|Any CPU
		{03687BDE-C12F-4CD8-9A57-83D1467BA46E}.Debug|iPhone.ActiveCfg = Debug|Any CPU
		{03687BDE-C12F-4CD8-9A57-83D1467BA46E}.Debug|iPhone.Build.0 = Debug|Any CPU
		{03687BDE-C12F-4CD8-9A57-83D1467BA46E}.Debug|iPhone.Deploy.0 = Debug|Any CPU
		{03687BDE-C12F-4CD8-9A57-83D1467BA46E}.Debug|iPhoneSimulator.ActiveCfg = Debug|Any CPU
		{03687BDE-C12F-4CD8-9A57-83D1467BA46E}.Debug|iPhoneSimulator.Build.0 = Debug|Any CPU
		{03687BDE-C12F-4CD8-9A57-83D1467BA46E}.Debug|iPhoneSimulator.Deploy.0 = Debug|Any CPU
		{03687BDE-C12F-4CD8-9A57-83D1467BA46E}.Release|Any CPU.ActiveCfg = Release|Any CPU
		{03687BDE-C12F-4CD8-9A57-83D1467BA46E}.Release|Any CPU.Build.0 = Release|Any CPU
		{03687BDE-C12F-4CD8-9A57-83D1467BA46E}.Release|Any CPU.Deploy.0 = Release|Any CPU
		{03687BDE-C12F-4CD8-9A57-83D1467BA46E}.Release|iPhone.ActiveCfg = Release|Any CPU
		{03687BDE-C12F-4CD8-9A57-83D1467BA46E}.Release|iPhone.Build.0 = Release|Any CPU
		{03687BDE-C12F-4CD8-9A57-83D1467BA46E}.Release|iPhone.Deploy.0 = Release|Any CPU
		{03687BDE-C12F-4CD8-9A57-83D1467BA46E}.Release|iPhoneSimulator.ActiveCfg = Release|Any CPU
		{03687BDE-C12F-4CD8-9A57-83D1467BA46E}.Release|iPhoneSimulator.Build.0 = Release|Any CPU
		{03687BDE-C12F-4CD8-9A57-83D1467BA46E}.Release|iPhoneSimulator.Deploy.0 = Release|Any CPU
	EndGlobalSection
	GlobalSection(SolutionProperties) = preSolution
		HideSolutionNode = FALSE
	EndGlobalSection
	GlobalSection(ExtensibilityGlobals) = postSolution
		SolutionGuid = {FF16E680-3D0A-442C-A770-D4DD849EBFA2}
	EndGlobalSection
EndGlobal
